
Microsoft Visual Studio Solution File, Format Version 12.00
# Visual Studio Version 17
VisualStudioVersion = 17.14.36623.8 d17.14
MinimumVisualStudioVersion = 10.0.40219.1
Project("{FAE04EC0-301F-11D3-BF4B-00C04F79EFBC}") = "Tetris", "Tetris\Tetris.csproj", "{414BAC4A-0CD1-4012-8D06-BD6DF73BD07D}"
EndProject
Global
	GlobalSection(SolutionConfigurationPlatforms) = preSolution
		Debug|Any CPU = Debug|Any CPU
		Release|Any CPU = Release|Any CPU
	EndGlobalSection
	GlobalSection(ProjectConfigurationPlatforms) = postSolution
		{414BAC4A-0CD1-4012-8D06-BD6DF73BD07D}.Debug|Any CPU.ActiveCfg = Debug|Any CPU
		{414BAC4A-0CD1-4012-8D06-BD6DF73BD07D}.Debug|Any CPU.Build.0 = Debug|Any CPU
		{414BAC4A-0CD1-4012-8D06-BD6DF73BD07D}.Release|Any CPU.ActiveCfg = Release|Any CPU
		{414BAC4A-0CD1-4012-8D06-BD6DF73BD07D}.Release|Any CPU.Build.0 = Release|Any CPU
	EndGlobalSection
	GlobalSection(SolutionProperties) = preSolution
		HideSolutionNode = FALSE
	EndGlobalSection
	GlobalSection(ExtensibilityGlobals) = postSolution
		SolutionGuid = {A4D0A18E-D7AB-461E-BBC1-807F68609C6A}
	EndGlobalSection
EndGlobal
